// !$*UTF8*$!
{
	archiveVersion = 1;
	classes = {
	};
	objectVersion = 46;
	objects = {

/* Begin PBXBuildFile section */
		8100069D1EF26DA100E038A7 /* SuperMapViewController.swift in Sources */ = {isa = PBXBuildFile; fileRef = 8100069C1EF26DA100E038A7 /* SuperMapViewController.swift */; };
		810006B11EF2A27400E038A7 /* pin0.png in Resources */ = {isa = PBXBuildFile; fileRef = 810006AC1EF2A27400E038A7 /* pin0.png */; };
		810006B21EF2A27400E038A7 /* pin1.png in Resources */ = {isa = PBXBuildFile; fileRef = 810006AD1EF2A27400E038A7 /* pin1.png */; };
		810006B31EF2A27400E038A7 /* pin2.png in Resources */ = {isa = PBXBuildFile; fileRef = 810006AE1EF2A27400E038A7 /* pin2.png */; };
		810006B41EF2A27400E038A7 /* pin3.png in Resources */ = {isa = PBXBuildFile; fileRef = 810006AF1EF2A27400E038A7 /* pin3.png */; };
		810006B51EF2A27400E038A7 /* pin4.png in Resources */ = {isa = PBXBuildFile; fileRef = 810006B01EF2A27400E038A7 /* pin4.png */; };
		810006B71EF2BD4900E038A7 /* user-pin.png in Resources */ = {isa = PBXBuildFile; fileRef = 810006B61EF2BD4900E038A7 /* user-pin.png */; };
		810006B91EFA5BB900E038A7 /* DateExtension.swift in Sources */ = {isa = PBXBuildFile; fileRef = 810006B81EFA5BB900E038A7 /* DateExtension.swift */; };
		810006BB1EFBA7B500E038A7 /* Boss.gif in Resources */ = {isa = PBXBuildFile; fileRef = 810006BA1EFBA7B500E038A7 /* Boss.gif */; };
		810006C01EFBBD7600E038A7 /* LocationHelper.swift in Sources */ = {isa = PBXBuildFile; fileRef = 810006BF1EFBBD7600E038A7 /* LocationHelper.swift */; };
		811771B61EE15FD400A1A3C8 /* OldNewsDataSource.swift in Sources */ = {isa = PBXBuildFile; fileRef = 811771B51EE15FD400A1A3C8 /* OldNewsDataSource.swift */; };
		811771BA1EE1AD5300A1A3C8 /* MyTableViewCell1.xib in Resources */ = {isa = PBXBuildFile; fileRef = 811771B81EE1AD5300A1A3C8 /* MyTableViewCell1.xib */; };
		811771BD1EE52C3200A1A3C8 /* MyTableViewCell2.swift in Sources */ = {isa = PBXBuildFile; fileRef = 811771BB1EE52C3200A1A3C8 /* MyTableViewCell2.swift */; };
		811771BE1EE52C3200A1A3C8 /* MyTableViewCell2.xib in Resources */ = {isa = PBXBuildFile; fileRef = 811771BC1EE52C3200A1A3C8 /* MyTableViewCell2.xib */; };
		811771C01EE53EF700A1A3C8 /* UIImageViewExtesion.swift in Sources */ = {isa = PBXBuildFile; fileRef = 811771BF1EE53EF700A1A3C8 /* UIImageViewExtesion.swift */; };
		811771DB1EE5BA1E00A1A3C8 /* StringExtension.swift in Sources */ = {isa = PBXBuildFile; fileRef = 811771DA1EE5BA1E00A1A3C8 /* StringExtension.swift */; };
		811E090B1EDDA98C003B1B16 /* UIColorExtension.swift in Sources */ = {isa = PBXBuildFile; fileRef = 811E090A1EDDA98C003B1B16 /* UIColorExtension.swift */; };
		811E090D1EDEF771003B1B16 /* NewsDTO.swift in Sources */ = {isa = PBXBuildFile; fileRef = 811E090C1EDEF771003B1B16 /* NewsDTO.swift */; };
		811E09101EDEF7D2003B1B16 /* OldNewsDTO.swift in Sources */ = {isa = PBXBuildFile; fileRef = 811E090F1EDEF7D2003B1B16 /* OldNewsDTO.swift */; };
		811E09131EE038A9003B1B16 /* MyTableViewCell1.swift in Sources */ = {isa = PBXBuildFile; fileRef = 811E09111EE038A9003B1B16 /* MyTableViewCell1.swift */; };
		813395E41EE94B7B00EB714E /* DenemeView.swift in Sources */ = {isa = PBXBuildFile; fileRef = 813395E31EE94B7B00EB714E /* DenemeView.swift */; };
		813395E61EE94B9600EB714E /* DenemeView.xib in Resources */ = {isa = PBXBuildFile; fileRef = 813395E51EE94B9600EB714E /* DenemeView.xib */; };
		813395E81EE98A1700EB714E /* WebViewLocalViewController.swift in Sources */ = {isa = PBXBuildFile; fileRef = 813395E71EE98A1700EB714E /* WebViewLocalViewController.swift */; };
		813395EA1EE98DBA00EB714E /* detail.html in Resources */ = {isa = PBXBuildFile; fileRef = 813395E91EE98DBA00EB714E /* detail.html */; };
		813395EC1EE99B7700EB714E /* WebViewViewController.swift in Sources */ = {isa = PBXBuildFile; fileRef = 813395EB1EE99B7700EB714E /* WebViewViewController.swift */; };
		8137EE971EE942E500CAE62F /* XibLoadViewController.swift in Sources */ = {isa = PBXBuildFile; fileRef = 8137EE961EE942E500CAE62F /* XibLoadViewController.swift */; };
		8152C1FC1EFBD1CF008EFAC9 /* Frijole-Regular.ttf in Resources */ = {isa = PBXBuildFile; fileRef = 810006C31EFBC8C900E038A7 /* Frijole-Regular.ttf */; };
		81675FC31EEABB89005E0014 /* DBViewController.swift in Sources */ = {isa = PBXBuildFile; fileRef = 81675FC21EEABB89005E0014 /* DBViewController.swift */; };
		817D25DA1ED331F100DC8AC2 /* SayiArttirViewController.swift in Sources */ = {isa = PBXBuildFile; fileRef = 817D25D91ED331F100DC8AC2 /* SayiArttirViewController.swift */; };
		817D25DC1ED338DB00DC8AC2 /* NavigasyonParametresiViewController.swift in Sources */ = {isa = PBXBuildFile; fileRef = 817D25DB1ED338DB00DC8AC2 /* NavigasyonParametresiViewController.swift */; };
		8196C6C51EEAE52400CF53F0 /* SQLiteHelper.swift in Sources */ = {isa = PBXBuildFile; fileRef = 8196C6C41EEAE52400CF53F0 /* SQLiteHelper.swift */; };
		81BA5F9C1ED2E3130029724A /* AppDelegate.swift in Sources */ = {isa = PBXBuildFile; fileRef = 81BA5F9B1ED2E3130029724A /* AppDelegate.swift */; };
		81BA5F9E1ED2E3130029724A /* AnaSayfaViewController.swift in Sources */ = {isa = PBXBuildFile; fileRef = 81BA5F9D1ED2E3130029724A /* AnaSayfaViewController.swift */; };
		81BA5FA11ED2E3130029724A /* Main.storyboard in Resources */ = {isa = PBXBuildFile; fileRef = 81BA5F9F1ED2E3130029724A /* Main.storyboard */; };
		81BA5FA31ED2E3130029724A /* Assets.xcassets in Resources */ = {isa = PBXBuildFile; fileRef = 81BA5FA21ED2E3130029724A /* Assets.xcassets */; };
		81BA5FA61ED2E3130029724A /* LaunchScreen.storyboard in Resources */ = {isa = PBXBuildFile; fileRef = 81BA5FA41ED2E3130029724A /* LaunchScreen.storyboard */; };
		81BA5FCC1ED2EC300029724A /* 0.jpg in Resources */ = {isa = PBXBuildFile; fileRef = 81BA5FC21ED2EC300029724A /* 0.jpg */; };
		81BA5FCD1ED2EC300029724A /* 1.jpg in Resources */ = {isa = PBXBuildFile; fileRef = 81BA5FC31ED2EC300029724A /* 1.jpg */; };
		81BA5FCE1ED2EC300029724A /* 2.jpg in Resources */ = {isa = PBXBuildFile; fileRef = 81BA5FC41ED2EC300029724A /* 2.jpg */; };
		81BA5FCF1ED2EC300029724A /* 3.jpg in Resources */ = {isa = PBXBuildFile; fileRef = 81BA5FC51ED2EC300029724A /* 3.jpg */; };
		81BA5FD01ED2EC300029724A /* 4.jpg in Resources */ = {isa = PBXBuildFile; fileRef = 81BA5FC61ED2EC300029724A /* 4.jpg */; };
		81BA5FD11ED2EC300029724A /* 5.jpg in Resources */ = {isa = PBXBuildFile; fileRef = 81BA5FC71ED2EC300029724A /* 5.jpg */; };
		81BA5FD21ED2EC300029724A /* 6.jpg in Resources */ = {isa = PBXBuildFile; fileRef = 81BA5FC81ED2EC300029724A /* 6.jpg */; };
		81BA5FD31ED2EC300029724A /* 7.jpg in Resources */ = {isa = PBXBuildFile; fileRef = 81BA5FC91ED2EC300029724A /* 7.jpg */; };
		81BA5FD41ED2EC300029724A /* 8.jpg in Resources */ = {isa = PBXBuildFile; fileRef = 81BA5FCA1ED2EC300029724A /* 8.jpg */; };
		81BA5FD51ED2EC300029724A /* 9.jpg in Resources */ = {isa = PBXBuildFile; fileRef = 81BA5FCB1ED2EC300029724A /* 9.jpg */; };
		81BA5FD81ED309C20029724A /* ClassInheritanceOrnegi.swift in Sources */ = {isa = PBXBuildFile; fileRef = 81BA5FD71ED309C20029724A /* ClassInheritanceOrnegi.swift */; };
		81D93CA11ED491D10061014E /* ResimVeDataYukleViewController.swift in Sources */ = {isa = PBXBuildFile; fileRef = 81D93CA01ED491D10061014E /* ResimVeDataYukleViewController.swift */; };
		81E599D21EEFCEE200E29B19 /* FileReadWriteViewController.swift in Sources */ = {isa = PBXBuildFile; fileRef = 81E599D11EEFCEE200E29B19 /* FileReadWriteViewController.swift */; };
		81E599D41EF00EF700E29B19 /* KayitEkleView.xib in Resources */ = {isa = PBXBuildFile; fileRef = 81E599D31EF00EF700E29B19 /* KayitEkleView.xib */; };
		81E599D61EF00F1000E29B19 /* KayitEkleView.swift in Sources */ = {isa = PBXBuildFile; fileRef = 81E599D51EF00F1000E29B19 /* KayitEkleView.swift */; };
		81E599D81EF149D900E29B19 /* CoreLocation.framework in Frameworks */ = {isa = PBXBuildFile; fileRef = 81E599D71EF149D900E29B19 /* CoreLocation.framework */; };
		81E599DA1EF149F600E29B19 /* MapViewController.swift in Sources */ = {isa = PBXBuildFile; fileRef = 81E599D91EF149F600E29B19 /* MapViewController.swift */; };
		81E599DC1EF1510B00E29B19 /* CGFloatExtansion.swift in Sources */ = {isa = PBXBuildFile; fileRef = 81E599DB1EF1510B00E29B19 /* CGFloatExtansion.swift */; };
		81E5D4A71EDC022200302810 /* DownloadJsonViewController.swift in Sources */ = {isa = PBXBuildFile; fileRef = 81E5D4A61EDC022200302810 /* DownloadJsonViewController.swift */; };
		84F98C0DDE581DB0560F3A39 /* Pods_denemeSwift.framework in Frameworks */ = {isa = PBXBuildFile; fileRef = A0840EE8E54DEF3CB465EA20 /* Pods_denemeSwift.framework */; };
/* End PBXBuildFile section */

/* Begin PBXFileReference section */
		8100069C1EF26DA100E038A7 /* SuperMapViewController.swift */ = {isa = PBXFileReference; fileEncoding = 4; lastKnownFileType = sourcecode.swift; path = SuperMapViewController.swift; sourceTree = "<group>"; };
		810006AC1EF2A27400E038A7 /* pin0.png */ = {isa = PBXFileReference; lastKnownFileType = image.png; path = pin0.png; sourceTree = "<group>"; };
		810006AD1EF2A27400E038A7 /* pin1.png */ = {isa = PBXFileReference; lastKnownFileType = image.png; path = pin1.png; sourceTree = "<group>"; };
		810006AE1EF2A27400E038A7 /* pin2.png */ = {isa = PBXFileReference; lastKnownFileType = image.png; path = pin2.png; sourceTree = "<group>"; };
		810006AF1EF2A27400E038A7 /* pin3.png */ = {isa = PBXFileReference; lastKnownFileType = image.png; path = pin3.png; sourceTree = "<group>"; };
		810006B01EF2A27400E038A7 /* pin4.png */ = {isa = PBXFileReference; lastKnownFileType = image.png; path = pin4.png; sourceTree = "<group>"; };
		810006B61EF2BD4900E038A7 /* user-pin.png */ = {isa = PBXFileReference; lastKnownFileType = image.png; path = "user-pin.png"; sourceTree = "<group>"; };
		810006B81EFA5BB900E038A7 /* DateExtension.swift */ = {isa = PBXFileReference; fileEncoding = 4; lastKnownFileType = sourcecode.swift; path = DateExtension.swift; sourceTree = "<group>"; };
		810006BA1EFBA7B500E038A7 /* Boss.gif */ = {isa = PBXFileReference; lastKnownFileType = image.gif; path = Boss.gif; sourceTree = "<group>"; };
		810006BF1EFBBD7600E038A7 /* LocationHelper.swift */ = {isa = PBXFileReference; fileEncoding = 4; lastKnownFileType = sourcecode.swift; path = LocationHelper.swift; sourceTree = "<group>"; };
		810006C31EFBC8C900E038A7 /* Frijole-Regular.ttf */ = {isa = PBXFileReference; lastKnownFileType = file; path = "Frijole-Regular.ttf"; sourceTree = "<group>"; };
		811771B51EE15FD400A1A3C8 /* OldNewsDataSource.swift */ = {isa = PBXFileReference; fileEncoding = 4; lastKnownFileType = sourcecode.swift; path = OldNewsDataSource.swift; sourceTree = "<group>"; };
		811771B81EE1AD5300A1A3C8 /* MyTableViewCell1.xib */ = {isa = PBXFileReference; fileEncoding = 4; lastKnownFileType = file.xib; path = MyTableViewCell1.xib; sourceTree = "<group>"; };
		811771BB1EE52C3200A1A3C8 /* MyTableViewCell2.swift */ = {isa = PBXFileReference; fileEncoding = 4; lastKnownFileType = sourcecode.swift; path = MyTableViewCell2.swift; sourceTree = "<group>"; };
		811771BC1EE52C3200A1A3C8 /* MyTableViewCell2.xib */ = {isa = PBXFileReference; fileEncoding = 4; lastKnownFileType = file.xib; path = MyTableViewCell2.xib; sourceTree = "<group>"; };
		811771BF1EE53EF700A1A3C8 /* UIImageViewExtesion.swift */ = {isa = PBXFileReference; fileEncoding = 4; lastKnownFileType = sourcecode.swift; path = UIImageViewExtesion.swift; sourceTree = "<group>"; };
		811771DA1EE5BA1E00A1A3C8 /* StringExtension.swift */ = {isa = PBXFileReference; fileEncoding = 4; lastKnownFileType = sourcecode.swift; path = StringExtension.swift; sourceTree = "<group>"; };
		811E090A1EDDA98C003B1B16 /* UIColorExtension.swift */ = {isa = PBXFileReference; fileEncoding = 4; lastKnownFileType = sourcecode.swift; path = UIColorExtension.swift; sourceTree = "<group>"; };
		811E090C1EDEF771003B1B16 /* NewsDTO.swift */ = {isa = PBXFileReference; fileEncoding = 4; lastKnownFileType = sourcecode.swift; path = NewsDTO.swift; sourceTree = "<group>"; };
		811E090F1EDEF7D2003B1B16 /* OldNewsDTO.swift */ = {isa = PBXFileReference; fileEncoding = 4; lastKnownFileType = sourcecode.swift; path = OldNewsDTO.swift; sourceTree = "<group>"; };
		811E09111EE038A9003B1B16 /* MyTableViewCell1.swift */ = {isa = PBXFileReference; fileEncoding = 4; lastKnownFileType = sourcecode.swift; path = MyTableViewCell1.swift; sourceTree = "<group>"; };
		813395E31EE94B7B00EB714E /* DenemeView.swift */ = {isa = PBXFileReference; fileEncoding = 4; lastKnownFileType = sourcecode.swift; path = DenemeView.swift; sourceTree = "<group>"; };
		813395E51EE94B9600EB714E /* DenemeView.xib */ = {isa = PBXFileReference; fileEncoding = 4; lastKnownFileType = file.xib; path = DenemeView.xib; sourceTree = "<group>"; };
		813395E71EE98A1700EB714E /* WebViewLocalViewController.swift */ = {isa = PBXFileReference; fileEncoding = 4; lastKnownFileType = sourcecode.swift; path = WebViewLocalViewController.swift; sourceTree = "<group>"; };
		813395E91EE98DBA00EB714E /* detail.html */ = {isa = PBXFileReference; fileEncoding = 4; lastKnownFileType = text.html; path = detail.html; sourceTree = "<group>"; };
		813395EB1EE99B7700EB714E /* WebViewViewController.swift */ = {isa = PBXFileReference; fileEncoding = 4; lastKnownFileType = sourcecode.swift; path = WebViewViewController.swift; sourceTree = "<group>"; };
		8137EE961EE942E500CAE62F /* XibLoadViewController.swift */ = {isa = PBXFileReference; fileEncoding = 4; lastKnownFileType = sourcecode.swift; path = XibLoadViewController.swift; sourceTree = "<group>"; };
		81675FC21EEABB89005E0014 /* DBViewController.swift */ = {isa = PBXFileReference; fileEncoding = 4; lastKnownFileType = sourcecode.swift; path = DBViewController.swift; sourceTree = "<group>"; };
		817D25D91ED331F100DC8AC2 /* SayiArttirViewController.swift */ = {isa = PBXFileReference; fileEncoding = 4; lastKnownFileType = sourcecode.swift; path = SayiArttirViewController.swift; sourceTree = "<group>"; };
		817D25DB1ED338DB00DC8AC2 /* NavigasyonParametresiViewController.swift */ = {isa = PBXFileReference; fileEncoding = 4; lastKnownFileType = sourcecode.swift; path = NavigasyonParametresiViewController.swift; sourceTree = "<group>"; };
		8196C6C41EEAE52400CF53F0 /* SQLiteHelper.swift */ = {isa = PBXFileReference; lastKnownFileType = sourcecode.swift; path = SQLiteHelper.swift; sourceTree = "<group>"; };
		81BA5F981ED2E3130029724A /* denemeSwift.app */ = {isa = PBXFileReference; explicitFileType = wrapper.application; includeInIndex = 0; path = denemeSwift.app; sourceTree = BUILT_PRODUCTS_DIR; };
		81BA5F9B1ED2E3130029724A /* AppDelegate.swift */ = {isa = PBXFileReference; lastKnownFileType = sourcecode.swift; path = AppDelegate.swift; sourceTree = "<group>"; };
		81BA5F9D1ED2E3130029724A /* AnaSayfaViewController.swift */ = {isa = PBXFileReference; lastKnownFileType = sourcecode.swift; path = AnaSayfaViewController.swift; sourceTree = "<group>"; };
		81BA5FA01ED2E3130029724A /* Base */ = {isa = PBXFileReference; lastKnownFileType = file.storyboard; name = Base; path = Base.lproj/Main.storyboard; sourceTree = "<group>"; };
		81BA5FA21ED2E3130029724A /* Assets.xcassets */ = {isa = PBXFileReference; lastKnownFileType = folder.assetcatalog; path = Assets.xcassets; sourceTree = "<group>"; };
		81BA5FA51ED2E3130029724A /* Base */ = {isa = PBXFileReference; lastKnownFileType = file.storyboard; name = Base; path = Base.lproj/LaunchScreen.storyboard; sourceTree = "<group>"; };
		81BA5FA71ED2E3130029724A /* Info.plist */ = {isa = PBXFileReference; lastKnownFileType = text.plist.xml; path = Info.plist; sourceTree = "<group>"; };
		81BA5FC21ED2EC300029724A /* 0.jpg */ = {isa = PBXFileReference; lastKnownFileType = image.jpeg; path = 0.jpg; sourceTree = "<group>"; };
		81BA5FC31ED2EC300029724A /* 1.jpg */ = {isa = PBXFileReference; lastKnownFileType = image.jpeg; path = 1.jpg; sourceTree = "<group>"; };
		81BA5FC41ED2EC300029724A /* 2.jpg */ = {isa = PBXFileReference; lastKnownFileType = image.jpeg; path = 2.jpg; sourceTree = "<group>"; };
		81BA5FC51ED2EC300029724A /* 3.jpg */ = {isa = PBXFileReference; lastKnownFileType = image.jpeg; path = 3.jpg; sourceTree = "<group>"; };
		81BA5FC61ED2EC300029724A /* 4.jpg */ = {isa = PBXFileReference; lastKnownFileType = image.jpeg; path = 4.jpg; sourceTree = "<group>"; };
		81BA5FC71ED2EC300029724A /* 5.jpg */ = {isa = PBXFileReference; lastKnownFileType = image.jpeg; path = 5.jpg; sourceTree = "<group>"; };
		81BA5FC81ED2EC300029724A /* 6.jpg */ = {isa = PBXFileReference; lastKnownFileType = image.jpeg; path = 6.jpg; sourceTree = "<group>"; };
		81BA5FC91ED2EC300029724A /* 7.jpg */ = {isa = PBXFileReference; lastKnownFileType = image.jpeg; path = 7.jpg; sourceTree = "<group>"; };
		81BA5FCA1ED2EC300029724A /* 8.jpg */ = {isa = PBXFileReference; lastKnownFileType = image.jpeg; path = 8.jpg; sourceTree = "<group>"; };
		81BA5FCB1ED2EC300029724A /* 9.jpg */ = {isa = PBXFileReference; lastKnownFileType = image.jpeg; path = 9.jpg; sourceTree = "<group>"; };
		81BA5FD71ED309C20029724A /* ClassInheritanceOrnegi.swift */ = {isa = PBXFileReference; fileEncoding = 4; lastKnownFileType = sourcecode.swift; path = ClassInheritanceOrnegi.swift; sourceTree = "<group>"; };
		81D93CA01ED491D10061014E /* ResimVeDataYukleViewController.swift */ = {isa = PBXFileReference; fileEncoding = 4; lastKnownFileType = sourcecode.swift; path = ResimVeDataYukleViewController.swift; sourceTree = "<group>"; };
		81E599D11EEFCEE200E29B19 /* FileReadWriteViewController.swift */ = {isa = PBXFileReference; fileEncoding = 4; lastKnownFileType = sourcecode.swift; path = FileReadWriteViewController.swift; sourceTree = "<group>"; };
		81E599D31EF00EF700E29B19 /* KayitEkleView.xib */ = {isa = PBXFileReference; fileEncoding = 4; lastKnownFileType = file.xib; path = KayitEkleView.xib; sourceTree = "<group>"; };
		81E599D51EF00F1000E29B19 /* KayitEkleView.swift */ = {isa = PBXFileReference; fileEncoding = 4; lastKnownFileType = sourcecode.swift; path = KayitEkleView.swift; sourceTree = "<group>"; };
		81E599D71EF149D900E29B19 /* CoreLocation.framework */ = {isa = PBXFileReference; lastKnownFileType = wrapper.framework; name = CoreLocation.framework; path = System/Library/Frameworks/CoreLocation.framework; sourceTree = SDKROOT; };
		81E599D91EF149F600E29B19 /* MapViewController.swift */ = {isa = PBXFileReference; fileEncoding = 4; lastKnownFileType = sourcecode.swift; path = MapViewController.swift; sourceTree = "<group>"; };
		81E599DB1EF1510B00E29B19 /* CGFloatExtansion.swift */ = {isa = PBXFileReference; fileEncoding = 4; lastKnownFileType = sourcecode.swift; path = CGFloatExtansion.swift; sourceTree = "<group>"; };
		81E5D4A61EDC022200302810 /* DownloadJsonViewController.swift */ = {isa = PBXFileReference; fileEncoding = 4; lastKnownFileType = sourcecode.swift; path = DownloadJsonViewController.swift; sourceTree = "<group>"; };
		86076BB38628654F95359CC8 /* Pods-denemeSwift.debug.xcconfig */ = {isa = PBXFileReference; includeInIndex = 1; lastKnownFileType = text.xcconfig; name = "Pods-denemeSwift.debug.xcconfig"; path = "Pods/Target Support Files/Pods-denemeSwift/Pods-denemeSwift.debug.xcconfig"; sourceTree = "<group>"; };
		A0840EE8E54DEF3CB465EA20 /* Pods_denemeSwift.framework */ = {isa = PBXFileReference; explicitFileType = wrapper.framework; includeInIndex = 0; path = Pods_denemeSwift.framework; sourceTree = BUILT_PRODUCTS_DIR; };
		BA73AF9A95BD4DB62F68F07E /* Pods-denemeSwift.release.xcconfig */ = {isa = PBXFileReference; includeInIndex = 1; lastKnownFileType = text.xcconfig; name = "Pods-denemeSwift.release.xcconfig"; path = "Pods/Target Support Files/Pods-denemeSwift/Pods-denemeSwift.release.xcconfig"; sourceTree = "<group>"; };
/* End PBXFileReference section */

/* Begin PBXFrameworksBuildPhase section */
		81BA5F951ED2E3130029724A /* Frameworks */ = {
			isa = PBXFrameworksBuildPhase;
			buildActionMask = 2147483647;
			files = (
				81E599D81EF149D900E29B19 /* CoreLocation.framework in Frameworks */,
				84F98C0DDE581DB0560F3A39 /* Pods_denemeSwift.framework in Frameworks */,
			);
			runOnlyForDeploymentPostprocessing = 0;
		};
/* End PBXFrameworksBuildPhase section */

/* Begin PBXGroup section */
		810006BE1EFBBC5800E038A7 /* Helpers */ = {
			isa = PBXGroup;
			children = (
				8196C6C41EEAE52400CF53F0 /* SQLiteHelper.swift */,
				810006BF1EFBBD7600E038A7 /* LocationHelper.swift */,
			);
			name = Helpers;
			sourceTree = "<group>";
		};
		810006C11EFBC47600E038A7 /* Fonts */ = {
			isa = PBXGroup;
			children = (
				810006C31EFBC8C900E038A7 /* Frijole-Regular.ttf */,
			);
			name = Fonts;
			sourceTree = "<group>";
		};
		811771B41EE15FA700A1A3C8 /* DataSources */ = {
			isa = PBXGroup;
			children = (
				811771B51EE15FD400A1A3C8 /* OldNewsDataSource.swift */,
			);
			name = DataSources;
			sourceTree = "<group>";
		};
		811E09091EDDA964003B1B16 /* Extensions */ = {
			isa = PBXGroup;
			children = (
				811E090A1EDDA98C003B1B16 /* UIColorExtension.swift */,
				811771BF1EE53EF700A1A3C8 /* UIImageViewExtesion.swift */,
				811771DA1EE5BA1E00A1A3C8 /* StringExtension.swift */,
				81E599DB1EF1510B00E29B19 /* CGFloatExtansion.swift */,
				810006B81EFA5BB900E038A7 /* DateExtension.swift */,
			);
			name = Extensions;
			sourceTree = "<group>";
		};
		811E090E1EDEF795003B1B16 /* DTOs */ = {
			isa = PBXGroup;
			children = (
				811E090C1EDEF771003B1B16 /* NewsDTO.swift */,
				811E090F1EDEF7D2003B1B16 /* OldNewsDTO.swift */,
			);
			name = DTOs;
			sourceTree = "<group>";
		};
		817D25D81ED331A700DC8AC2 /* Pages */ = {
			isa = PBXGroup;
			children = (
				81BA5F9D1ED2E3130029724A /* AnaSayfaViewController.swift */,
				817D25D91ED331F100DC8AC2 /* SayiArttirViewController.swift */,
				817D25DB1ED338DB00DC8AC2 /* NavigasyonParametresiViewController.swift */,
				81D93CA01ED491D10061014E /* ResimVeDataYukleViewController.swift */,
				81E5D4A61EDC022200302810 /* DownloadJsonViewController.swift */,
				8137EE961EE942E500CAE62F /* XibLoadViewController.swift */,
				813395E71EE98A1700EB714E /* WebViewLocalViewController.swift */,
				813395EB1EE99B7700EB714E /* WebViewViewController.swift */,
				81675FC21EEABB89005E0014 /* DBViewController.swift */,
				81E599D11EEFCEE200E29B19 /* FileReadWriteViewController.swift */,
				81E599D91EF149F600E29B19 /* MapViewController.swift */,
				8100069C1EF26DA100E038A7 /* SuperMapViewController.swift */,
			);
			name = Pages;
			sourceTree = "<group>";
		};
		81BA5F8F1ED2E3130029724A = {
			isa = PBXGroup;
			children = (
				81BA5F9A1ED2E3130029724A /* denemeSwift */,
				81BA5F991ED2E3130029724A /* Products */,
				A7B9E50E17A019E2D23C17F3 /* Pods */,
				DAB717E23D5443D06D206132 /* Frameworks */,
			);
			sourceTree = "<group>";
		};
		81BA5F991ED2E3130029724A /* Products */ = {
			isa = PBXGroup;
			children = (
				81BA5F981ED2E3130029724A /* denemeSwift.app */,
			);
			name = Products;
			sourceTree = "<group>";
		};
		81BA5F9A1ED2E3130029724A /* denemeSwift */ = {
			isa = PBXGroup;
			children = (
				810006C11EFBC47600E038A7 /* Fonts */,
				810006BE1EFBBC5800E038A7 /* Helpers */,
				811771B41EE15FA700A1A3C8 /* DataSources */,
				811E090E1EDEF795003B1B16 /* DTOs */,
				811E09091EDDA964003B1B16 /* Extensions */,
				81E5D4A81EDC203D00302810 /* Xibs */,
				817D25D81ED331A700DC8AC2 /* Pages */,
				81BA5FD61ED2EC410029724A /* Images */,
				81BA5F9B1ED2E3130029724A /* AppDelegate.swift */,
				81BA5F9F1ED2E3130029724A /* Main.storyboard */,
				813395E91EE98DBA00EB714E /* detail.html */,
				81BA5FA21ED2E3130029724A /* Assets.xcassets */,
				81BA5FA41ED2E3130029724A /* LaunchScreen.storyboard */,
				81BA5FA71ED2E3130029724A /* Info.plist */,
				81BA5FD71ED309C20029724A /* ClassInheritanceOrnegi.swift */,
			);
			path = denemeSwift;
			sourceTree = "<group>";
		};
		81BA5FD61ED2EC410029724A /* Images */ = {
			isa = PBXGroup;
			children = (
				810006BA1EFBA7B500E038A7 /* Boss.gif */,
				810006B61EF2BD4900E038A7 /* user-pin.png */,
				810006AC1EF2A27400E038A7 /* pin0.png */,
				810006AD1EF2A27400E038A7 /* pin1.png */,
				810006AE1EF2A27400E038A7 /* pin2.png */,
				810006AF1EF2A27400E038A7 /* pin3.png */,
				810006B01EF2A27400E038A7 /* pin4.png */,
				81BA5FC21ED2EC300029724A /* 0.jpg */,
				81BA5FC31ED2EC300029724A /* 1.jpg */,
				81BA5FC41ED2EC300029724A /* 2.jpg */,
				81BA5FC51ED2EC300029724A /* 3.jpg */,
				81BA5FC61ED2EC300029724A /* 4.jpg */,
				81BA5FC71ED2EC300029724A /* 5.jpg */,
				81BA5FC81ED2EC300029724A /* 6.jpg */,
				81BA5FC91ED2EC300029724A /* 7.jpg */,
				81BA5FCA1ED2EC300029724A /* 8.jpg */,
				81BA5FCB1ED2EC300029724A /* 9.jpg */,
			);
			name = Images;
			sourceTree = "<group>";
		};
		81E5D4A81EDC203D00302810 /* Xibs */ = {
			isa = PBXGroup;
			children = (
				811771B81EE1AD5300A1A3C8 /* MyTableViewCell1.xib */,
				811E09111EE038A9003B1B16 /* MyTableViewCell1.swift */,
				811771BB1EE52C3200A1A3C8 /* MyTableViewCell2.swift */,
				811771BC1EE52C3200A1A3C8 /* MyTableViewCell2.xib */,
				813395E31EE94B7B00EB714E /* DenemeView.swift */,
				813395E51EE94B9600EB714E /* DenemeView.xib */,
				81E599D31EF00EF700E29B19 /* KayitEkleView.xib */,
				81E599D51EF00F1000E29B19 /* KayitEkleView.swift */,
			);
			name = Xibs;
			sourceTree = "<group>";
		};
		A7B9E50E17A019E2D23C17F3 /* Pods */ = {
			isa = PBXGroup;
			children = (
				86076BB38628654F95359CC8 /* Pods-denemeSwift.debug.xcconfig */,
				BA73AF9A95BD4DB62F68F07E /* Pods-denemeSwift.release.xcconfig */,
			);
			name = Pods;
			sourceTree = "<group>";
		};
		DAB717E23D5443D06D206132 /* Frameworks */ = {
			isa = PBXGroup;
			children = (
				81E599D71EF149D900E29B19 /* CoreLocation.framework */,
				A0840EE8E54DEF3CB465EA20 /* Pods_denemeSwift.framework */,
			);
			name = Frameworks;
			sourceTree = "<group>";
		};
/* End PBXGroup section */

/* Begin PBXNativeTarget section */
		81BA5F971ED2E3130029724A /* denemeSwift */ = {
			isa = PBXNativeTarget;
			buildConfigurationList = 81BA5FAA1ED2E3130029724A /* Build configuration list for PBXNativeTarget "denemeSwift" */;
			buildPhases = (
				1812AC58CE6C9D989041EB3D /* [CP] Check Pods Manifest.lock */,
				81BA5F941ED2E3130029724A /* Sources */,
				81BA5F951ED2E3130029724A /* Frameworks */,
				81BA5F961ED2E3130029724A /* Resources */,
				E561791B9CC5F0AD2CACC2E6 /* [CP] Embed Pods Frameworks */,
				D685C5ED063965A96EE3FD99 /* [CP] Copy Pods Resources */,
			);
			buildRules = (
			);
			dependencies = (
			);
			name = denemeSwift;
			productName = denemeSwift;
			productReference = 81BA5F981ED2E3130029724A /* denemeSwift.app */;
			productType = "com.apple.product-type.application";
		};
/* End PBXNativeTarget section */

/* Begin PBXProject section */
		81BA5F901ED2E3130029724A /* Project object */ = {
			isa = PBXProject;
			attributes = {
				LastSwiftUpdateCheck = 0830;
				LastUpgradeCheck = 0830;
				ORGANIZATIONNAME = "Ali Kadir BAGCIOGLU";
				TargetAttributes = {
					81BA5F971ED2E3130029724A = {
						CreatedOnToolsVersion = 8.3.2;
						DevelopmentTeam = B2AMF6Q793;
						ProvisioningStyle = Automatic;
						SystemCapabilities = {
							com.apple.BackgroundModes = {
								enabled = 1;
							};
						};
					};
				};
			};
			buildConfigurationList = 81BA5F931ED2E3130029724A /* Build configuration list for PBXProject "denemeSwift" */;
			compatibilityVersion = "Xcode 3.2";
			developmentRegion = English;
			hasScannedForEncodings = 0;
			knownRegions = (
				en,
				Base,
			);
			mainGroup = 81BA5F8F1ED2E3130029724A;
			productRefGroup = 81BA5F991ED2E3130029724A /* Products */;
			projectDirPath = "";
			projectRoot = "";
			targets = (
				81BA5F971ED2E3130029724A /* denemeSwift */,
			);
		};
/* End PBXProject section */

/* Begin PBXResourcesBuildPhase section */
		81BA5F961ED2E3130029724A /* Resources */ = {
			isa = PBXResourcesBuildPhase;
			buildActionMask = 2147483647;
			files = (
				8152C1FC1EFBD1CF008EFAC9 /* Frijole-Regular.ttf in Resources */,
				811771BE1EE52C3200A1A3C8 /* MyTableViewCell2.xib in Resources */,
				81BA5FD51ED2EC300029724A /* 9.jpg in Resources */,
				810006B31EF2A27400E038A7 /* pin2.png in Resources */,
				81BA5FD41ED2EC300029724A /* 8.jpg in Resources */,
				81BA5FD31ED2EC300029724A /* 7.jpg in Resources */,
				81BA5FD01ED2EC300029724A /* 4.jpg in Resources */,
				81BA5FCE1ED2EC300029724A /* 2.jpg in Resources */,
				81BA5FCC1ED2EC300029724A /* 0.jpg in Resources */,
				81BA5FD11ED2EC300029724A /* 5.jpg in Resources */,
				813395E61EE94B9600EB714E /* DenemeView.xib in Resources */,
				810006B71EF2BD4900E038A7 /* user-pin.png in Resources */,
				81BA5FD21ED2EC300029724A /* 6.jpg in Resources */,
				81BA5FA61ED2E3130029724A /* LaunchScreen.storyboard in Resources */,
				810006BB1EFBA7B500E038A7 /* Boss.gif in Resources */,
				81BA5FA31ED2E3130029724A /* Assets.xcassets in Resources */,
				810006B51EF2A27400E038A7 /* pin4.png in Resources */,
				810006B11EF2A27400E038A7 /* pin0.png in Resources */,
				810006B41EF2A27400E038A7 /* pin3.png in Resources */,
				81BA5FA11ED2E3130029724A /* Main.storyboard in Resources */,
				81E599D41EF00EF700E29B19 /* KayitEkleView.xib in Resources */,
				811771BA1EE1AD5300A1A3C8 /* MyTableViewCell1.xib in Resources */,
				810006B21EF2A27400E038A7 /* pin1.png in Resources */,
				81BA5FCF1ED2EC300029724A /* 3.jpg in Resources */,
				813395EA1EE98DBA00EB714E /* detail.html in Resources */,
				81BA5FCD1ED2EC300029724A /* 1.jpg in Resources */,
			);
			runOnlyForDeploymentPostprocessing = 0;
		};
/* End PBXResourcesBuildPhase section */

/* Begin PBXShellScriptBuildPhase section */
		1812AC58CE6C9D989041EB3D /* [CP] Check Pods Manifest.lock */ = {
			isa = PBXShellScriptBuildPhase;
			buildActionMask = 2147483647;
			files = (
			);
			inputPaths = (
				"${PODS_PODFILE_DIR_PATH}/Podfile.lock",
				"${PODS_ROOT}/Manifest.lock",
			);
			name = "[CP] Check Pods Manifest.lock";
			outputPaths = (
				"$(DERIVED_FILE_DIR)/Pods-denemeSwift-checkManifestLockResult.txt",
			);
			runOnlyForDeploymentPostprocessing = 0;
			shellPath = /bin/sh;
			shellScript = "diff \"${PODS_PODFILE_DIR_PATH}/Podfile.lock\" \"${PODS_ROOT}/Manifest.lock\" > /dev/null\nif [ $? != 0 ] ; then\n    # print error to STDERR\n    echo \"error: The sandbox is not in sync with the Podfile.lock. Run 'pod install' or update your CocoaPods installation.\" >&2\n    exit 1\nfi\n# This output is used by Xcode 'outputs' to avoid re-running this script phase.\necho \"SUCCESS\" > \"${SCRIPT_OUTPUT_FILE_0}\"\n";
			showEnvVarsInLog = 0;
		};
		D685C5ED063965A96EE3FD99 /* [CP] Copy Pods Resources */ = {
			isa = PBXShellScriptBuildPhase;
			buildActionMask = 2147483647;
			files = (
			);
			inputPaths = (
			);
			name = "[CP] Copy Pods Resources";
			outputPaths = (
			);
			runOnlyForDeploymentPostprocessing = 0;
			shellPath = /bin/sh;
			shellScript = "\"${SRCROOT}/Pods/Target Support Files/Pods-denemeSwift/Pods-denemeSwift-resources.sh\"\n";
			showEnvVarsInLog = 0;
		};
		E561791B9CC5F0AD2CACC2E6 /* [CP] Embed Pods Frameworks */ = {
			isa = PBXShellScriptBuildPhase;
			buildActionMask = 2147483647;
			files = (
			);
			inputPaths = (
				"${SRCROOT}/Pods/Target Support Files/Pods-denemeSwift/Pods-denemeSwift-frameworks.sh",
				"${BUILT_PRODUCTS_DIR}/Alamofire/Alamofire.framework",
				"${BUILT_PRODUCTS_DIR}/AlamofireImage/AlamofireImage.framework",
				"${BUILT_PRODUCTS_DIR}/Realm/Realm.framework",
				"${BUILT_PRODUCTS_DIR}/RealmSwift/RealmSwift.framework",
				"${BUILT_PRODUCTS_DIR}/SDWebImage/SDWebImage.framework",
				"${BUILT_PRODUCTS_DIR}/SQLite.swift/SQLite.framework",
				"${BUILT_PRODUCTS_DIR}/SwiftGifOrigin/SwiftGifOrigin.framework",
				"${BUILT_PRODUCTS_DIR}/SwiftyJSON/SwiftyJSON.framework",
			);
			name = "[CP] Embed Pods Frameworks";
			outputPaths = (
				"${TARGET_BUILD_DIR}/${FRAMEWORKS_FOLDER_PATH}/Alamofire.framework",
				"${TARGET_BUILD_DIR}/${FRAMEWORKS_FOLDER_PATH}/AlamofireImage.framework",
				"${TARGET_BUILD_DIR}/${FRAMEWORKS_FOLDER_PATH}/Realm.framework",
				"${TARGET_BUILD_DIR}/${FRAMEWORKS_FOLDER_PATH}/RealmSwift.framework",
				"${TARGET_BUILD_DIR}/${FRAMEWORKS_FOLDER_PATH}/SDWebImage.framework",
				"${TARGET_BUILD_DIR}/${FRAMEWORKS_FOLDER_PATH}/SQLite.framework",
				"${TARGET_BUILD_DIR}/${FRAMEWORKS_FOLDER_PATH}/SwiftGifOrigin.framework",
				"${TARGET_BUILD_DIR}/${FRAMEWORKS_FOLDER_PATH}/SwiftyJSON.framework",
			);
			runOnlyForDeploymentPostprocessing = 0;
			shellPath = /bin/sh;
			shellScript = "\"${SRCROOT}/Pods/Target Support Files/Pods-denemeSwift/Pods-denemeSwift-frameworks.sh\"\n";
			showEnvVarsInLog = 0;
		};
/* End PBXShellScriptBuildPhase section */

/* Begin PBXSourcesBuildPhase section */
		81BA5F941ED2E3130029724A /* Sources */ = {
			isa = PBXSourcesBuildPhase;
			buildActionMask = 2147483647;
			files = (
				81675FC31EEABB89005E0014 /* DBViewController.swift in Sources */,
				817D25DC1ED338DB00DC8AC2 /* NavigasyonParametresiViewController.swift in Sources */,
				817D25DA1ED331F100DC8AC2 /* SayiArttirViewController.swift in Sources */,
				8100069D1EF26DA100E038A7 /* SuperMapViewController.swift in Sources */,
				813395EC1EE99B7700EB714E /* WebViewViewController.swift in Sources */,
				81BA5F9E1ED2E3130029724A /* AnaSayfaViewController.swift in Sources */,
				811771B61EE15FD400A1A3C8 /* OldNewsDataSource.swift in Sources */,
				8196C6C51EEAE52400CF53F0 /* SQLiteHelper.swift in Sources */,
				81E599DA1EF149F600E29B19 /* MapViewController.swift in Sources */,
				810006C01EFBBD7600E038A7 /* LocationHelper.swift in Sources */,
				811771DB1EE5BA1E00A1A3C8 /* StringExtension.swift in Sources */,
				81E599D21EEFCEE200E29B19 /* FileReadWriteViewController.swift in Sources */,
				81D93CA11ED491D10061014E /* ResimVeDataYukleViewController.swift in Sources */,
				81BA5FD81ED309C20029724A /* ClassInheritanceOrnegi.swift in Sources */,
				811E090B1EDDA98C003B1B16 /* UIColorExtension.swift in Sources */,
				811E09101EDEF7D2003B1B16 /* OldNewsDTO.swift in Sources */,
				8137EE971EE942E500CAE62F /* XibLoadViewController.swift in Sources */,
				811E09131EE038A9003B1B16 /* MyTableViewCell1.swift in Sources */,
				81BA5F9C1ED2E3130029724A /* AppDelegate.swift in Sources */,
				811771C01EE53EF700A1A3C8 /* UIImageViewExtesion.swift in Sources */,
				811771BD1EE52C3200A1A3C8 /* MyTableViewCell2.swift in Sources */,
				81E5D4A71EDC022200302810 /* DownloadJsonViewController.swift in Sources */,
				811E090D1EDEF771003B1B16 /* NewsDTO.swift in Sources */,
				810006B91EFA5BB900E038A7 /* DateExtension.swift in Sources */,
				813395E81EE98A1700EB714E /* WebViewLocalViewController.swift in Sources */,
				81E599D61EF00F1000E29B19 /* KayitEkleView.swift in Sources */,
				813395E41EE94B7B00EB714E /* DenemeView.swift in Sources */,
				81E599DC1EF1510B00E29B19 /* CGFloatExtansion.swift in Sources */,
			);
			runOnlyForDeploymentPostprocessing = 0;
		};
/* End PBXSourcesBuildPhase section */

/* Begin PBXVariantGroup section */
		81BA5F9F1ED2E3130029724A /* Main.storyboard */ = {
			isa = PBXVariantGroup;
			children = (
				81BA5FA01ED2E3130029724A /* Base */,
			);
			name = Main.storyboard;
			sourceTree = "<group>";
		};
		81BA5FA41ED2E3130029724A /* LaunchScreen.storyboard */ = {
			isa = PBXVariantGroup;
			children = (
				81BA5FA51ED2E3130029724A /* Base */,
			);
			name = LaunchScreen.storyboard;
			sourceTree = "<group>";
		};
/* End PBXVariantGroup section */

/* Begin XCBuildConfiguration section */
		81BA5FA81ED2E3130029724A /* Debug */ = {
			isa = XCBuildConfiguration;
			buildSettings = {
				ALWAYS_SEARCH_USER_PATHS = NO;
				CLANG_ANALYZER_NONNULL = YES;
				CLANG_ANALYZER_NUMBER_OBJECT_CONVERSION = YES_AGGRESSIVE;
				CLANG_CXX_LANGUAGE_STANDARD = "gnu++0x";
				CLANG_CXX_LIBRARY = "libc++";
				CLANG_ENABLE_MODULES = YES;
				CLANG_ENABLE_OBJC_ARC = YES;
				CLANG_WARN_BOOL_CONVERSION = YES;
				CLANG_WARN_CONSTANT_CONVERSION = YES;
				CLANG_WARN_DIRECT_OBJC_ISA_USAGE = YES_ERROR;
				CLANG_WARN_DOCUMENTATION_COMMENTS = YES;
				CLANG_WARN_EMPTY_BODY = YES;
				CLANG_WARN_ENUM_CONVERSION = YES;
				CLANG_WARN_INFINITE_RECURSION = YES;
				CLANG_WARN_INT_CONVERSION = YES;
				CLANG_WARN_OBJC_ROOT_CLASS = YES_ERROR;
				CLANG_WARN_SUSPICIOUS_MOVE = YES;
				CLANG_WARN_UNREACHABLE_CODE = YES;
				CLANG_WARN__DUPLICATE_METHOD_MATCH = YES;
				"CODE_SIGN_IDENTITY[sdk=iphoneos*]" = "iPhone Developer";
				COPY_PHASE_STRIP = NO;
				DEBUG_INFORMATION_FORMAT = dwarf;
				ENABLE_STRICT_OBJC_MSGSEND = YES;
				ENABLE_TESTABILITY = YES;
				GCC_C_LANGUAGE_STANDARD = gnu99;
				GCC_DYNAMIC_NO_PIC = NO;
				GCC_NO_COMMON_BLOCKS = YES;
				GCC_OPTIMIZATION_LEVEL = 0;
				GCC_PREPROCESSOR_DEFINITIONS = (
					"DEBUG=1",
					"$(inherited)",
				);
				GCC_WARN_64_TO_32_BIT_CONVERSION = YES;
				GCC_WARN_ABOUT_RETURN_TYPE = YES_ERROR;
				GCC_WARN_UNDECLARED_SELECTOR = YES;
				GCC_WARN_UNINITIALIZED_AUTOS = YES_AGGRESSIVE;
				GCC_WARN_UNUSED_FUNCTION = YES;
				GCC_WARN_UNUSED_VARIABLE = YES;
				IPHONEOS_DEPLOYMENT_TARGET = 10.3;
				MTL_ENABLE_DEBUG_INFO = YES;
				ONLY_ACTIVE_ARCH = YES;
				SDKROOT = iphoneos;
				SWIFT_ACTIVE_COMPILATION_CONDITIONS = DEBUG;
				SWIFT_OPTIMIZATION_LEVEL = "-Onone";
			};
			name = Debug;
		};
		81BA5FA91ED2E3130029724A /* Release */ = {
			isa = XCBuildConfiguration;
			buildSettings = {
				ALWAYS_SEARCH_USER_PATHS = NO;
				CLANG_ANALYZER_NONNULL = YES;
				CLANG_ANALYZER_NUMBER_OBJECT_CONVERSION = YES_AGGRESSIVE;
				CLANG_CXX_LANGUAGE_STANDARD = "gnu++0x";
				CLANG_CXX_LIBRARY = "libc++";
				CLANG_ENABLE_MODULES = YES;
				CLANG_ENABLE_OBJC_ARC = YES;
				CLANG_WARN_BOOL_CONVERSION = YES;
				CLANG_WARN_CONSTANT_CONVERSION = YES;
				CLANG_WARN_DIRECT_OBJC_ISA_USAGE = YES_ERROR;
				CLANG_WARN_DOCUMENTATION_COMMENTS = YES;
				CLANG_WARN_EMPTY_BODY = YES;
				CLANG_WARN_ENUM_CONVERSION = YES;
				CLANG_WARN_INFINITE_RECURSION = YES;
				CLANG_WARN_INT_CONVERSION = YES;
				CLANG_WARN_OBJC_ROOT_CLASS = YES_ERROR;
				CLANG_WARN_SUSPICIOUS_MOVE = YES;
				CLANG_WARN_UNREACHABLE_CODE = YES;
				CLANG_WARN__DUPLICATE_METHOD_MATCH = YES;
				"CODE_SIGN_IDENTITY[sdk=iphoneos*]" = "iPhone Developer";
				COPY_PHASE_STRIP = NO;
				DEBUG_INFORMATION_FORMAT = "dwarf-with-dsym";
				ENABLE_NS_ASSERTIONS = NO;
				ENABLE_STRICT_OBJC_MSGSEND = YES;
				GCC_C_LANGUAGE_STANDARD = gnu99;
				GCC_NO_COMMON_BLOCKS = YES;
				GCC_WARN_64_TO_32_BIT_CONVERSION = YES;
				GCC_WARN_ABOUT_RETURN_TYPE = YES_ERROR;
				GCC_WARN_UNDECLARED_SELECTOR = YES;
				GCC_WARN_UNINITIALIZED_AUTOS = YES_AGGRESSIVE;
				GCC_WARN_UNUSED_FUNCTION = YES;
				GCC_WARN_UNUSED_VARIABLE = YES;
				IPHONEOS_DEPLOYMENT_TARGET = 10.3;
				MTL_ENABLE_DEBUG_INFO = NO;
				SDKROOT = iphoneos;
				SWIFT_OPTIMIZATION_LEVEL = "-Owholemodule";
				VALIDATE_PRODUCT = YES;
			};
			name = Release;
		};
		81BA5FAB1ED2E3130029724A /* Debug */ = {
			isa = XCBuildConfiguration;
			baseConfigurationReference = 86076BB38628654F95359CC8 /* Pods-denemeSwift.debug.xcconfig */;
			buildSettings = {
				ASSETCATALOG_COMPILER_APPICON_NAME = AppIcon;
				DEVELOPMENT_TEAM = B2AMF6Q793;
				INFOPLIST_FILE = denemeSwift/Info.plist;
				IPHONEOS_DEPLOYMENT_TARGET = 10.3;
				LD_RUNPATH_SEARCH_PATHS = "$(inherited) @executable_path/Frameworks";
				PRODUCT_BUNDLE_IDENTIFIER = com.alikadir.denemeSwift;
				PRODUCT_NAME = "$(TARGET_NAME)";
				SWIFT_VERSION = 3.0;
			};
			name = Debug;
		};
		81BA5FAC1ED2E3130029724A /* Release */ = {
			isa = XCBuildConfiguration;
			baseConfigurationReference = BA73AF9A95BD4DB62F68F07E /* Pods-denemeSwift.release.xcconfig */;
			buildSettings = {
				ASSETCATALOG_COMPILER_APPICON_NAME = AppIcon;
				DEVELOPMENT_TEAM = B2AMF6Q793;
				INFOPLIST_FILE = denemeSwift/Info.plist;
				IPHONEOS_DEPLOYMENT_TARGET = 10.3;
				LD_RUNPATH_SEARCH_PATHS = "$(inherited) @executable_path/Frameworks";
				PRODUCT_BUNDLE_IDENTIFIER = com.alikadir.denemeSwift;
				PRODUCT_NAME = "$(TARGET_NAME)";
				SWIFT_VERSION = 3.0;
			};
			name = Release;
		};
/* End XCBuildConfiguration section */

/* Begin XCConfigurationList section */
		81BA5F931ED2E3130029724A /* Build configuration list for PBXProject "denemeSwift" */ = {
			isa = XCConfigurationList;
			buildConfigurations = (
				81BA5FA81ED2E3130029724A /* Debug */,
				81BA5FA91ED2E3130029724A /* Release */,
			);
			defaultConfigurationIsVisible = 0;
			defaultConfigurationName = Release;
		};
		81BA5FAA1ED2E3130029724A /* Build configuration list for PBXNativeTarget "denemeSwift" */ = {
			isa = XCConfigurationList;
			buildConfigurations = (
				81BA5FAB1ED2E3130029724A /* Debug */,
				81BA5FAC1ED2E3130029724A /* Release */,
			);
			defaultConfigurationIsVisible = 0;
			defaultConfigurationName = Release;
		};
/* End XCConfigurationList section */
	};
	rootObject = 81BA5F901ED2E3130029724A /* Project object */;
}
